// !$*UTF8*$!
{
	archiveVersion = 1;
	classes = {
	};
	objectVersion = 51;
	objects = {

/* Begin PBXBuildFile section */
		0792B840E813DBDA531A4BAB /* Pods_BreakingBarriersTests.framework in Frameworks */ = {isa = PBXBuildFile; fileRef = 5F6E4152632B60EF2A517A1E /* Pods_BreakingBarriersTests.framework */; };
		2FD1958124BF5B3500636107 /* SceneDelegate.m in Sources */ = {isa = PBXBuildFile; fileRef = 2FD1958024BF5B3500636107 /* SceneDelegate.m */; };
		2FD1958424BF5B3500636107 /* ViewController.m in Sources */ = {isa = PBXBuildFile; fileRef = 2FD1958324BF5B3500636107 /* ViewController.m */; };
		2FD1958724BF5B3500636107 /* Main.storyboard in Resources */ = {isa = PBXBuildFile; fileRef = 2FD1958524BF5B3500636107 /* Main.storyboard */; };
		2FD1958924BF5B3700636107 /* Assets.xcassets in Resources */ = {isa = PBXBuildFile; fileRef = 2FD1958824BF5B3700636107 /* Assets.xcassets */; };
		2FD1958C24BF5B3700636107 /* LaunchScreen.storyboard in Resources */ = {isa = PBXBuildFile; fileRef = 2FD1958A24BF5B3700636107 /* LaunchScreen.storyboard */; };
		2FD1958F24BF5B3700636107 /* main.m in Sources */ = {isa = PBXBuildFile; fileRef = 2FD1958E24BF5B3700636107 /* main.m */; };
		2FD1959924BF5B3700636107 /* BreakingBarriersTests.m in Sources */ = {isa = PBXBuildFile; fileRef = 2FD1959824BF5B3700636107 /* BreakingBarriersTests.m */; };
		2FD195A424BF5B3700636107 /* BreakingBarriersUITests.m in Sources */ = {isa = PBXBuildFile; fileRef = 2FD195A324BF5B3700636107 /* BreakingBarriersUITests.m */; };
		2FD195B624BF88E200636107 /* ConversationViewController.m in Sources */ = {isa = PBXBuildFile; fileRef = 2FD195B524BF88E200636107 /* ConversationViewController.m */; };
		2FD195B924BFA0E800636107 /* LanguageChooserViewController.m in Sources */ = {isa = PBXBuildFile; fileRef = 2FD195B824BFA0E800636107 /* LanguageChooserViewController.m */; };
		2FD195BC24BFA1DB00636107 /* LanguageCell.m in Sources */ = {isa = PBXBuildFile; fileRef = 2FD195BB24BFA1DB00636107 /* LanguageCell.m */; };
		2FD195C224C0DD8900636107 /* TranslateViewController.m in Sources */ = {isa = PBXBuildFile; fileRef = 2FD195C124C0DD8900636107 /* TranslateViewController.m */; };
		2FD195C524C2152900636107 /* ScanViewController.m in Sources */ = {isa = PBXBuildFile; fileRef = 2FD195C424C2152800636107 /* ScanViewController.m */; };
		2FD195E524C79E5400636107 /* LoginViewController.m in Sources */ = {isa = PBXBuildFile; fileRef = 2FD195D124C75CCF00636107 /* LoginViewController.m */; };
		2FF2868924C7D817000FE793 /* AppDelegate.m in Sources */ = {isa = PBXBuildFile; fileRef = 2FD1957D24BF5B3500636107 /* AppDelegate.m */; };
		8C10A55FF9A333ECE3E29671 /* Pods_BreakingBarriers_BreakingBarriersUITests.framework in Frameworks */ = {isa = PBXBuildFile; fileRef = 7C7BF82196991C28B4651782 /* Pods_BreakingBarriers_BreakingBarriersUITests.framework */; };
		E6974EB0CC716333473B97EA /* Pods_BreakingBarriers.framework in Frameworks */ = {isa = PBXBuildFile; fileRef = 2C7EB72E81BC69EDB4B6CC33 /* Pods_BreakingBarriers.framework */; };
/* End PBXBuildFile section */

/* Begin PBXContainerItemProxy section */
		2FD1959524BF5B3700636107 /* PBXContainerItemProxy */ = {
			isa = PBXContainerItemProxy;
			containerPortal = 2FD1957124BF5B3500636107 /* Project object */;
			proxyType = 1;
			remoteGlobalIDString = 2FD1957824BF5B3500636107;
			remoteInfo = BreakingBarriers;
		};
		2FD195A024BF5B3700636107 /* PBXContainerItemProxy */ = {
			isa = PBXContainerItemProxy;
			containerPortal = 2FD1957124BF5B3500636107 /* Project object */;
			proxyType = 1;
			remoteGlobalIDString = 2FD1957824BF5B3500636107;
			remoteInfo = BreakingBarriers;
		};
/* End PBXContainerItemProxy section */

/* Begin PBXFileReference section */
		01862698D80B2F5BF81D6726 /* Pods-BreakingBarriers-BreakingBarriersUITests.debug.xcconfig */ = {isa = PBXFileReference; includeInIndex = 1; lastKnownFileType = text.xcconfig; name = "Pods-BreakingBarriers-BreakingBarriersUITests.debug.xcconfig"; path = "Target Support Files/Pods-BreakingBarriers-BreakingBarriersUITests/Pods-BreakingBarriers-BreakingBarriersUITests.debug.xcconfig"; sourceTree = "<group>"; };
		2C7EB72E81BC69EDB4B6CC33 /* Pods_BreakingBarriers.framework */ = {isa = PBXFileReference; explicitFileType = wrapper.framework; includeInIndex = 0; path = Pods_BreakingBarriers.framework; sourceTree = BUILT_PRODUCTS_DIR; };
		2FD1957924BF5B3500636107 /* BreakingBarriers.app */ = {isa = PBXFileReference; explicitFileType = wrapper.application; includeInIndex = 0; path = BreakingBarriers.app; sourceTree = BUILT_PRODUCTS_DIR; };
		2FD1957C24BF5B3500636107 /* AppDelegate.h */ = {isa = PBXFileReference; lastKnownFileType = sourcecode.c.h; path = AppDelegate.h; sourceTree = "<group>"; };
		2FD1957D24BF5B3500636107 /* AppDelegate.m */ = {isa = PBXFileReference; lastKnownFileType = sourcecode.c.objc; path = AppDelegate.m; sourceTree = "<group>"; };
		2FD1957F24BF5B3500636107 /* SceneDelegate.h */ = {isa = PBXFileReference; lastKnownFileType = sourcecode.c.h; path = SceneDelegate.h; sourceTree = "<group>"; };
		2FD1958024BF5B3500636107 /* SceneDelegate.m */ = {isa = PBXFileReference; lastKnownFileType = sourcecode.c.objc; path = SceneDelegate.m; sourceTree = "<group>"; };
		2FD1958224BF5B3500636107 /* ViewController.h */ = {isa = PBXFileReference; lastKnownFileType = sourcecode.c.h; path = ViewController.h; sourceTree = "<group>"; };
		2FD1958324BF5B3500636107 /* ViewController.m */ = {isa = PBXFileReference; lastKnownFileType = sourcecode.c.objc; path = ViewController.m; sourceTree = "<group>"; };
		2FD1958624BF5B3500636107 /* Base */ = {isa = PBXFileReference; lastKnownFileType = file.storyboard; name = Base; path = Base.lproj/Main.storyboard; sourceTree = "<group>"; };
		2FD1958824BF5B3700636107 /* Assets.xcassets */ = {isa = PBXFileReference; lastKnownFileType = folder.assetcatalog; path = Assets.xcassets; sourceTree = "<group>"; };
		2FD1958B24BF5B3700636107 /* Base */ = {isa = PBXFileReference; lastKnownFileType = file.storyboard; name = Base; path = Base.lproj/LaunchScreen.storyboard; sourceTree = "<group>"; };
		2FD1958D24BF5B3700636107 /* Info.plist */ = {isa = PBXFileReference; lastKnownFileType = text.plist.xml; path = Info.plist; sourceTree = "<group>"; };
		2FD1958E24BF5B3700636107 /* main.m */ = {isa = PBXFileReference; lastKnownFileType = sourcecode.c.objc; path = main.m; sourceTree = "<group>"; };
		2FD1959424BF5B3700636107 /* BreakingBarriersTests.xctest */ = {isa = PBXFileReference; explicitFileType = wrapper.cfbundle; includeInIndex = 0; path = BreakingBarriersTests.xctest; sourceTree = BUILT_PRODUCTS_DIR; };
		2FD1959824BF5B3700636107 /* BreakingBarriersTests.m */ = {isa = PBXFileReference; lastKnownFileType = sourcecode.c.objc; path = BreakingBarriersTests.m; sourceTree = "<group>"; };
		2FD1959A24BF5B3700636107 /* Info.plist */ = {isa = PBXFileReference; lastKnownFileType = text.plist.xml; path = Info.plist; sourceTree = "<group>"; };
		2FD1959F24BF5B3700636107 /* BreakingBarriersUITests.xctest */ = {isa = PBXFileReference; explicitFileType = wrapper.cfbundle; includeInIndex = 0; path = BreakingBarriersUITests.xctest; sourceTree = BUILT_PRODUCTS_DIR; };
		2FD195A324BF5B3700636107 /* BreakingBarriersUITests.m */ = {isa = PBXFileReference; lastKnownFileType = sourcecode.c.objc; path = BreakingBarriersUITests.m; sourceTree = "<group>"; };
		2FD195A524BF5B3700636107 /* Info.plist */ = {isa = PBXFileReference; lastKnownFileType = text.plist.xml; path = Info.plist; sourceTree = "<group>"; };
		2FD195B424BF88E100636107 /* ConversationViewController.h */ = {isa = PBXFileReference; lastKnownFileType = sourcecode.c.h; path = ConversationViewController.h; sourceTree = "<group>"; };
		2FD195B524BF88E200636107 /* ConversationViewController.m */ = {isa = PBXFileReference; lastKnownFileType = sourcecode.c.objc; path = ConversationViewController.m; sourceTree = "<group>"; };
		2FD195B724BFA0E800636107 /* LanguageChooserViewController.h */ = {isa = PBXFileReference; lastKnownFileType = sourcecode.c.h; path = LanguageChooserViewController.h; sourceTree = "<group>"; };
		2FD195B824BFA0E800636107 /* LanguageChooserViewController.m */ = {isa = PBXFileReference; lastKnownFileType = sourcecode.c.objc; path = LanguageChooserViewController.m; sourceTree = "<group>"; };
		2FD195BA24BFA1DB00636107 /* LanguageCell.h */ = {isa = PBXFileReference; lastKnownFileType = sourcecode.c.h; path = LanguageCell.h; sourceTree = "<group>"; };
		2FD195BB24BFA1DB00636107 /* LanguageCell.m */ = {isa = PBXFileReference; lastKnownFileType = sourcecode.c.objc; path = LanguageCell.m; sourceTree = "<group>"; };
		2FD195C024C0DD8900636107 /* TranslateViewController.h */ = {isa = PBXFileReference; lastKnownFileType = sourcecode.c.h; path = TranslateViewController.h; sourceTree = "<group>"; };
		2FD195C124C0DD8900636107 /* TranslateViewController.m */ = {isa = PBXFileReference; lastKnownFileType = sourcecode.c.objc; path = TranslateViewController.m; sourceTree = "<group>"; };
		2FD195C324C2152800636107 /* ScanViewController.h */ = {isa = PBXFileReference; lastKnownFileType = sourcecode.c.h; path = ScanViewController.h; sourceTree = "<group>"; };
		2FD195C424C2152800636107 /* ScanViewController.m */ = {isa = PBXFileReference; lastKnownFileType = sourcecode.c.objc; path = ScanViewController.m; sourceTree = "<group>"; };
		2FD195D024C75CCF00636107 /* LoginViewController.h */ = {isa = PBXFileReference; lastKnownFileType = sourcecode.c.h; path = LoginViewController.h; sourceTree = "<group>"; };
		2FD195D124C75CCF00636107 /* LoginViewController.m */ = {isa = PBXFileReference; lastKnownFileType = sourcecode.c.objc; path = LoginViewController.m; sourceTree = "<group>"; };
		5F6E4152632B60EF2A517A1E /* Pods_BreakingBarriersTests.framework */ = {isa = PBXFileReference; explicitFileType = wrapper.framework; includeInIndex = 0; path = Pods_BreakingBarriersTests.framework; sourceTree = BUILT_PRODUCTS_DIR; };
		678EE712C28614520C6BA8C4 /* Pods-BreakingBarriersTests.debug.xcconfig */ = {isa = PBXFileReference; includeInIndex = 1; lastKnownFileType = text.xcconfig; name = "Pods-BreakingBarriersTests.debug.xcconfig"; path = "Target Support Files/Pods-BreakingBarriersTests/Pods-BreakingBarriersTests.debug.xcconfig"; sourceTree = "<group>"; };
		7C7BF82196991C28B4651782 /* Pods_BreakingBarriers_BreakingBarriersUITests.framework */ = {isa = PBXFileReference; explicitFileType = wrapper.framework; includeInIndex = 0; path = Pods_BreakingBarriers_BreakingBarriersUITests.framework; sourceTree = BUILT_PRODUCTS_DIR; };
		8C56CCDEEF4499BE1094A4C9 /* Pods-BreakingBarriers.release.xcconfig */ = {isa = PBXFileReference; includeInIndex = 1; lastKnownFileType = text.xcconfig; name = "Pods-BreakingBarriers.release.xcconfig"; path = "Target Support Files/Pods-BreakingBarriers/Pods-BreakingBarriers.release.xcconfig"; sourceTree = "<group>"; };
		A4D15CB0D5D548ED2FC5320A /* Pods-BreakingBarriers-BreakingBarriersUITests.release.xcconfig */ = {isa = PBXFileReference; includeInIndex = 1; lastKnownFileType = text.xcconfig; name = "Pods-BreakingBarriers-BreakingBarriersUITests.release.xcconfig"; path = "Target Support Files/Pods-BreakingBarriers-BreakingBarriersUITests/Pods-BreakingBarriers-BreakingBarriersUITests.release.xcconfig"; sourceTree = "<group>"; };
		BABA4269DA5EAB13A10820DE /* Pods-BreakingBarriersTests.release.xcconfig */ = {isa = PBXFileReference; includeInIndex = 1; lastKnownFileType = text.xcconfig; name = "Pods-BreakingBarriersTests.release.xcconfig"; path = "Target Support Files/Pods-BreakingBarriersTests/Pods-BreakingBarriersTests.release.xcconfig"; sourceTree = "<group>"; };
		E380C23AA1B4C7C08D086F7E /* Pods-BreakingBarriers.debug.xcconfig */ = {isa = PBXFileReference; includeInIndex = 1; lastKnownFileType = text.xcconfig; name = "Pods-BreakingBarriers.debug.xcconfig"; path = "Target Support Files/Pods-BreakingBarriers/Pods-BreakingBarriers.debug.xcconfig"; sourceTree = "<group>"; };
/* End PBXFileReference section */

/* Begin PBXFrameworksBuildPhase section */
		2FD1957624BF5B3500636107 /* Frameworks */ = {
			isa = PBXFrameworksBuildPhase;
			buildActionMask = 2147483647;
			files = (
				E6974EB0CC716333473B97EA /* Pods_BreakingBarriers.framework in Frameworks */,
			);
			runOnlyForDeploymentPostprocessing = 0;
		};
		2FD1959124BF5B3700636107 /* Frameworks */ = {
			isa = PBXFrameworksBuildPhase;
			buildActionMask = 2147483647;
			files = (
				0792B840E813DBDA531A4BAB /* Pods_BreakingBarriersTests.framework in Frameworks */,
			);
			runOnlyForDeploymentPostprocessing = 0;
		};
		2FD1959C24BF5B3700636107 /* Frameworks */ = {
			isa = PBXFrameworksBuildPhase;
			buildActionMask = 2147483647;
			files = (
				8C10A55FF9A333ECE3E29671 /* Pods_BreakingBarriers_BreakingBarriersUITests.framework in Frameworks */,
			);
			runOnlyForDeploymentPostprocessing = 0;
		};
/* End PBXFrameworksBuildPhase section */

/* Begin PBXGroup section */
		08A92D3372D31AF0A7573F8F /* Pods */ = {
			isa = PBXGroup;
			children = (
				E380C23AA1B4C7C08D086F7E /* Pods-BreakingBarriers.debug.xcconfig */,
				8C56CCDEEF4499BE1094A4C9 /* Pods-BreakingBarriers.release.xcconfig */,
				01862698D80B2F5BF81D6726 /* Pods-BreakingBarriers-BreakingBarriersUITests.debug.xcconfig */,
				A4D15CB0D5D548ED2FC5320A /* Pods-BreakingBarriers-BreakingBarriersUITests.release.xcconfig */,
				678EE712C28614520C6BA8C4 /* Pods-BreakingBarriersTests.debug.xcconfig */,
				BABA4269DA5EAB13A10820DE /* Pods-BreakingBarriersTests.release.xcconfig */,
			);
			path = Pods;
			sourceTree = "<group>";
		};
		2FD1957024BF5B3500636107 = {
			isa = PBXGroup;
			children = (
				2FD1957B24BF5B3500636107 /* BreakingBarriers */,
				2FD1959724BF5B3700636107 /* BreakingBarriersTests */,
				2FD195A224BF5B3700636107 /* BreakingBarriersUITests */,
				2FD1957A24BF5B3500636107 /* Products */,
				08A92D3372D31AF0A7573F8F /* Pods */,
				75FB660E5DDF3ED7C5FF7480 /* Frameworks */,
			);
			sourceTree = "<group>";
		};
		2FD1957A24BF5B3500636107 /* Products */ = {
			isa = PBXGroup;
			children = (
				2FD1957924BF5B3500636107 /* BreakingBarriers.app */,
				2FD1959424BF5B3700636107 /* BreakingBarriersTests.xctest */,
				2FD1959F24BF5B3700636107 /* BreakingBarriersUITests.xctest */,
			);
			name = Products;
			sourceTree = "<group>";
		};
		2FD1957B24BF5B3500636107 /* BreakingBarriers */ = {
			isa = PBXGroup;
			children = (
				2FD195B324BF60D800636107 /* Models */,
				2FD195B224BF609600636107 /* Views */,
				2FD195B124BF608E00636107 /* View Controller */,
				2FD1957C24BF5B3500636107 /* AppDelegate.h */,
				2FD1957D24BF5B3500636107 /* AppDelegate.m */,
				2FD1957F24BF5B3500636107 /* SceneDelegate.h */,
				2FD1958024BF5B3500636107 /* SceneDelegate.m */,
				2FD1958224BF5B3500636107 /* ViewController.h */,
				2FD1958324BF5B3500636107 /* ViewController.m */,
				2FD1958524BF5B3500636107 /* Main.storyboard */,
				2FD1958824BF5B3700636107 /* Assets.xcassets */,
				2FD1958A24BF5B3700636107 /* LaunchScreen.storyboard */,
				2FD1958D24BF5B3700636107 /* Info.plist */,
				2FD1958E24BF5B3700636107 /* main.m */,
			);
			path = BreakingBarriers;
			sourceTree = "<group>";
		};
		2FD1959724BF5B3700636107 /* BreakingBarriersTests */ = {
			isa = PBXGroup;
			children = (
				2FD1959824BF5B3700636107 /* BreakingBarriersTests.m */,
				2FD1959A24BF5B3700636107 /* Info.plist */,
			);
			path = BreakingBarriersTests;
			sourceTree = "<group>";
		};
		2FD195A224BF5B3700636107 /* BreakingBarriersUITests */ = {
			isa = PBXGroup;
			children = (
				2FD195A324BF5B3700636107 /* BreakingBarriersUITests.m */,
				2FD195A524BF5B3700636107 /* Info.plist */,
			);
			path = BreakingBarriersUITests;
			sourceTree = "<group>";
		};
		2FD195B124BF608E00636107 /* View Controller */ = {
			isa = PBXGroup;
			children = (
				2FD195B424BF88E100636107 /* ConversationViewController.h */,
				2FD195B524BF88E200636107 /* ConversationViewController.m */,
				2FD195B724BFA0E800636107 /* LanguageChooserViewController.h */,
				2FD195B824BFA0E800636107 /* LanguageChooserViewController.m */,
				2FD195C024C0DD8900636107 /* TranslateViewController.h */,
				2FD195C124C0DD8900636107 /* TranslateViewController.m */,
				2FD195C324C2152800636107 /* ScanViewController.h */,
				2FD195C424C2152800636107 /* ScanViewController.m */,
				2FD195D024C75CCF00636107 /* LoginViewController.h */,
				2FD195D124C75CCF00636107 /* LoginViewController.m */,
			);
			path = "View Controller";
			sourceTree = "<group>";
		};
		2FD195B224BF609600636107 /* Views */ = {
			isa = PBXGroup;
			children = (
				2FD195BA24BFA1DB00636107 /* LanguageCell.h */,
				2FD195BB24BFA1DB00636107 /* LanguageCell.m */,
			);
			path = Views;
			sourceTree = "<group>";
		};
		2FD195B324BF60D800636107 /* Models */ = {
			isa = PBXGroup;
			children = (
			);
			path = Models;
			sourceTree = "<group>";
		};
		75FB660E5DDF3ED7C5FF7480 /* Frameworks */ = {
			isa = PBXGroup;
			children = (
				2C7EB72E81BC69EDB4B6CC33 /* Pods_BreakingBarriers.framework */,
				7C7BF82196991C28B4651782 /* Pods_BreakingBarriers_BreakingBarriersUITests.framework */,
				5F6E4152632B60EF2A517A1E /* Pods_BreakingBarriersTests.framework */,
			);
			name = Frameworks;
			sourceTree = "<group>";
		};
/* End PBXGroup section */

/* Begin PBXNativeTarget section */
		2FD1957824BF5B3500636107 /* BreakingBarriers */ = {
			isa = PBXNativeTarget;
			buildConfigurationList = 2FD195A824BF5B3700636107 /* Build configuration list for PBXNativeTarget "BreakingBarriers" */;
			buildPhases = (
				3B67B0E53E25E8B3CF4DF7C2 /* [CP] Check Pods Manifest.lock */,
				2FD1957524BF5B3500636107 /* Sources */,
				2FD1957624BF5B3500636107 /* Frameworks */,
				2FD1957724BF5B3500636107 /* Resources */,
				7685953519B4737D432F0CCD /* [CP] Embed Pods Frameworks */,
				8F871B79F347F647F61F4032 /* [CP] Copy Pods Resources */,
			);
			buildRules = (
			);
			dependencies = (
			);
			name = BreakingBarriers;
			packageProductDependencies = (
			);
			productName = BreakingBarriers;
			productReference = 2FD1957924BF5B3500636107 /* BreakingBarriers.app */;
			productType = "com.apple.product-type.application";
		};
		2FD1959324BF5B3700636107 /* BreakingBarriersTests */ = {
			isa = PBXNativeTarget;
			buildConfigurationList = 2FD195AB24BF5B3700636107 /* Build configuration list for PBXNativeTarget "BreakingBarriersTests" */;
			buildPhases = (
				68B0AAA8233F258E8757CAED /* [CP] Check Pods Manifest.lock */,
				2FD1959024BF5B3700636107 /* Sources */,
				2FD1959124BF5B3700636107 /* Frameworks */,
				2FD1959224BF5B3700636107 /* Resources */,
			);
			buildRules = (
			);
			dependencies = (
				2FD1959624BF5B3700636107 /* PBXTargetDependency */,
			);
			name = BreakingBarriersTests;
			productName = BreakingBarriersTests;
			productReference = 2FD1959424BF5B3700636107 /* BreakingBarriersTests.xctest */;
			productType = "com.apple.product-type.bundle.unit-test";
		};
		2FD1959E24BF5B3700636107 /* BreakingBarriersUITests */ = {
			isa = PBXNativeTarget;
			buildConfigurationList = 2FD195AE24BF5B3700636107 /* Build configuration list for PBXNativeTarget "BreakingBarriersUITests" */;
			buildPhases = (
				5894A8195DE6E47C15805FD0 /* [CP] Check Pods Manifest.lock */,
				2FD1959B24BF5B3700636107 /* Sources */,
				2FD1959C24BF5B3700636107 /* Frameworks */,
				2FD1959D24BF5B3700636107 /* Resources */,
				5FC29196DAF008A960DB88F8 /* [CP] Embed Pods Frameworks */,
				5894628DAE4EA7CEC233022E /* [CP] Copy Pods Resources */,
			);
			buildRules = (
			);
			dependencies = (
				2FD195A124BF5B3700636107 /* PBXTargetDependency */,
			);
			name = BreakingBarriersUITests;
			productName = BreakingBarriersUITests;
			productReference = 2FD1959F24BF5B3700636107 /* BreakingBarriersUITests.xctest */;
			productType = "com.apple.product-type.bundle.ui-testing";
		};
/* End PBXNativeTarget section */

/* Begin PBXProject section */
		2FD1957124BF5B3500636107 /* Project object */ = {
			isa = PBXProject;
			attributes = {
				LastUpgradeCheck = 1150;
				ORGANIZATIONNAME = "Brian Sanchez";
				TargetAttributes = {
					2FD1957824BF5B3500636107 = {
						CreatedOnToolsVersion = 11.5;
					};
					2FD1959324BF5B3700636107 = {
						CreatedOnToolsVersion = 11.5;
						TestTargetID = 2FD1957824BF5B3500636107;
					};
					2FD1959E24BF5B3700636107 = {
						CreatedOnToolsVersion = 11.5;
						TestTargetID = 2FD1957824BF5B3500636107;
					};
				};
			};
			buildConfigurationList = 2FD1957424BF5B3500636107 /* Build configuration list for PBXProject "BreakingBarriers" */;
			compatibilityVersion = "Xcode 9.3";
			developmentRegion = en;
			hasScannedForEncodings = 0;
			knownRegions = (
				en,
				Base,
			);
			mainGroup = 2FD1957024BF5B3500636107;
			packageReferences = (
			);
			productRefGroup = 2FD1957A24BF5B3500636107 /* Products */;
			projectDirPath = "";
			projectRoot = "";
			targets = (
				2FD1957824BF5B3500636107 /* BreakingBarriers */,
				2FD1959324BF5B3700636107 /* BreakingBarriersTests */,
				2FD1959E24BF5B3700636107 /* BreakingBarriersUITests */,
			);
		};
/* End PBXProject section */

/* Begin PBXResourcesBuildPhase section */
		2FD1957724BF5B3500636107 /* Resources */ = {
			isa = PBXResourcesBuildPhase;
			buildActionMask = 2147483647;
			files = (
				2FD1958C24BF5B3700636107 /* LaunchScreen.storyboard in Resources */,
				2FD1958924BF5B3700636107 /* Assets.xcassets in Resources */,
				2FD1958724BF5B3500636107 /* Main.storyboard in Resources */,
			);
			runOnlyForDeploymentPostprocessing = 0;
		};
		2FD1959224BF5B3700636107 /* Resources */ = {
			isa = PBXResourcesBuildPhase;
			buildActionMask = 2147483647;
			files = (
			);
			runOnlyForDeploymentPostprocessing = 0;
		};
		2FD1959D24BF5B3700636107 /* Resources */ = {
			isa = PBXResourcesBuildPhase;
			buildActionMask = 2147483647;
			files = (
			);
			runOnlyForDeploymentPostprocessing = 0;
		};
/* End PBXResourcesBuildPhase section */

/* Begin PBXShellScriptBuildPhase section */
		3B67B0E53E25E8B3CF4DF7C2 /* [CP] Check Pods Manifest.lock */ = {
			isa = PBXShellScriptBuildPhase;
			buildActionMask = 2147483647;
			files = (
			);
			inputFileListPaths = (
			);
			inputPaths = (
				"${PODS_PODFILE_DIR_PATH}/Podfile.lock",
				"${PODS_ROOT}/Manifest.lock",
			);
			name = "[CP] Check Pods Manifest.lock";
			outputFileListPaths = (
			);
			outputPaths = (
				"$(DERIVED_FILE_DIR)/Pods-BreakingBarriers-checkManifestLockResult.txt",
			);
			runOnlyForDeploymentPostprocessing = 0;
			shellPath = /bin/sh;
			shellScript = "diff \"${PODS_PODFILE_DIR_PATH}/Podfile.lock\" \"${PODS_ROOT}/Manifest.lock\" > /dev/null\nif [ $? != 0 ] ; then\n    # print error to STDERR\n    echo \"error: The sandbox is not in sync with the Podfile.lock. Run 'pod install' or update your CocoaPods installation.\" >&2\n    exit 1\nfi\n# This output is used by Xcode 'outputs' to avoid re-running this script phase.\necho \"SUCCESS\" > \"${SCRIPT_OUTPUT_FILE_0}\"\n";
			showEnvVarsInLog = 0;
		};
		5894628DAE4EA7CEC233022E /* [CP] Copy Pods Resources */ = {
			isa = PBXShellScriptBuildPhase;
			buildActionMask = 2147483647;
			files = (
			);
			inputFileListPaths = (
				"${PODS_ROOT}/Target Support Files/Pods-BreakingBarriers-BreakingBarriersUITests/Pods-BreakingBarriers-BreakingBarriersUITests-resources-${CONFIGURATION}-input-files.xcfilelist",
			);
			name = "[CP] Copy Pods Resources";
			outputFileListPaths = (
				"${PODS_ROOT}/Target Support Files/Pods-BreakingBarriers-BreakingBarriersUITests/Pods-BreakingBarriers-BreakingBarriersUITests-resources-${CONFIGURATION}-output-files.xcfilelist",
			);
			runOnlyForDeploymentPostprocessing = 0;
			shellPath = /bin/sh;
			shellScript = "\"${PODS_ROOT}/Target Support Files/Pods-BreakingBarriers-BreakingBarriersUITests/Pods-BreakingBarriers-BreakingBarriersUITests-resources.sh\"\n";
			showEnvVarsInLog = 0;
		};
		5894A8195DE6E47C15805FD0 /* [CP] Check Pods Manifest.lock */ = {
			isa = PBXShellScriptBuildPhase;
			buildActionMask = 2147483647;
			files = (
			);
			inputFileListPaths = (
			);
			inputPaths = (
				"${PODS_PODFILE_DIR_PATH}/Podfile.lock",
				"${PODS_ROOT}/Manifest.lock",
			);
			name = "[CP] Check Pods Manifest.lock";
			outputFileListPaths = (
			);
			outputPaths = (
				"$(DERIVED_FILE_DIR)/Pods-BreakingBarriers-BreakingBarriersUITests-checkManifestLockResult.txt",
			);
			runOnlyForDeploymentPostprocessing = 0;
			shellPath = /bin/sh;
			shellScript = "diff \"${PODS_PODFILE_DIR_PATH}/Podfile.lock\" \"${PODS_ROOT}/Manifest.lock\" > /dev/null\nif [ $? != 0 ] ; then\n    # print error to STDERR\n    echo \"error: The sandbox is not in sync with the Podfile.lock. Run 'pod install' or update your CocoaPods installation.\" >&2\n    exit 1\nfi\n# This output is used by Xcode 'outputs' to avoid re-running this script phase.\necho \"SUCCESS\" > \"${SCRIPT_OUTPUT_FILE_0}\"\n";
			showEnvVarsInLog = 0;
		};
		5FC29196DAF008A960DB88F8 /* [CP] Embed Pods Frameworks */ = {
			isa = PBXShellScriptBuildPhase;
			buildActionMask = 2147483647;
			files = (
			);
			inputFileListPaths = (
				"${PODS_ROOT}/Target Support Files/Pods-BreakingBarriers-BreakingBarriersUITests/Pods-BreakingBarriers-BreakingBarriersUITests-frameworks-${CONFIGURATION}-input-files.xcfilelist",
			);
			name = "[CP] Embed Pods Frameworks";
			outputFileListPaths = (
				"${PODS_ROOT}/Target Support Files/Pods-BreakingBarriers-BreakingBarriersUITests/Pods-BreakingBarriers-BreakingBarriersUITests-frameworks-${CONFIGURATION}-output-files.xcfilelist",
			);
			runOnlyForDeploymentPostprocessing = 0;
			shellPath = /bin/sh;
			shellScript = "\"${PODS_ROOT}/Target Support Files/Pods-BreakingBarriers-BreakingBarriersUITests/Pods-BreakingBarriers-BreakingBarriersUITests-frameworks.sh\"\n";
			showEnvVarsInLog = 0;
		};
		68B0AAA8233F258E8757CAED /* [CP] Check Pods Manifest.lock */ = {
			isa = PBXShellScriptBuildPhase;
			buildActionMask = 2147483647;
			files = (
			);
			inputFileListPaths = (
			);
			inputPaths = (
				"${PODS_PODFILE_DIR_PATH}/Podfile.lock",
				"${PODS_ROOT}/Manifest.lock",
			);
			name = "[CP] Check Pods Manifest.lock";
			outputFileListPaths = (
			);
			outputPaths = (
				"$(DERIVED_FILE_DIR)/Pods-BreakingBarriersTests-checkManifestLockResult.txt",
			);
			runOnlyForDeploymentPostprocessing = 0;
			shellPath = /bin/sh;
			shellScript = "diff \"${PODS_PODFILE_DIR_PATH}/Podfile.lock\" \"${PODS_ROOT}/Manifest.lock\" > /dev/null\nif [ $? != 0 ] ; then\n    # print error to STDERR\n    echo \"error: The sandbox is not in sync with the Podfile.lock. Run 'pod install' or update your CocoaPods installation.\" >&2\n    exit 1\nfi\n# This output is used by Xcode 'outputs' to avoid re-running this script phase.\necho \"SUCCESS\" > \"${SCRIPT_OUTPUT_FILE_0}\"\n";
			showEnvVarsInLog = 0;
		};
		7685953519B4737D432F0CCD /* [CP] Embed Pods Frameworks */ = {
			isa = PBXShellScriptBuildPhase;
			buildActionMask = 2147483647;
			files = (
			);
			inputFileListPaths = (
				"${PODS_ROOT}/Target Support Files/Pods-BreakingBarriers/Pods-BreakingBarriers-frameworks-${CONFIGURATION}-input-files.xcfilelist",
			);
			name = "[CP] Embed Pods Frameworks";
			outputFileListPaths = (
				"${PODS_ROOT}/Target Support Files/Pods-BreakingBarriers/Pods-BreakingBarriers-frameworks-${CONFIGURATION}-output-files.xcfilelist",
			);
			runOnlyForDeploymentPostprocessing = 0;
			shellPath = /bin/sh;
			shellScript = "\"${PODS_ROOT}/Target Support Files/Pods-BreakingBarriers/Pods-BreakingBarriers-frameworks.sh\"\n";
			showEnvVarsInLog = 0;
		};
		8F871B79F347F647F61F4032 /* [CP] Copy Pods Resources */ = {
			isa = PBXShellScriptBuildPhase;
			buildActionMask = 2147483647;
			files = (
			);
			inputFileListPaths = (
				"${PODS_ROOT}/Target Support Files/Pods-BreakingBarriers/Pods-BreakingBarriers-resources-${CONFIGURATION}-input-files.xcfilelist",
			);
			name = "[CP] Copy Pods Resources";
			outputFileListPaths = (
				"${PODS_ROOT}/Target Support Files/Pods-BreakingBarriers/Pods-BreakingBarriers-resources-${CONFIGURATION}-output-files.xcfilelist",
			);
			runOnlyForDeploymentPostprocessing = 0;
			shellPath = /bin/sh;
			shellScript = "\"${PODS_ROOT}/Target Support Files/Pods-BreakingBarriers/Pods-BreakingBarriers-resources.sh\"\n";
			showEnvVarsInLog = 0;
		};
/* End PBXShellScriptBuildPhase section */

/* Begin PBXSourcesBuildPhase section */
		2FD1957524BF5B3500636107 /* Sources */ = {
			isa = PBXSourcesBuildPhase;
			buildActionMask = 2147483647;
			files = (
				2FD1958424BF5B3500636107 /* ViewController.m in Sources */,
				2FD195C524C2152900636107 /* ScanViewController.m in Sources */,
				2FD195C224C0DD8900636107 /* TranslateViewController.m in Sources */,
				2FD195E524C79E5400636107 /* LoginViewController.m in Sources */,
				2FF2868924C7D817000FE793 /* AppDelegate.m in Sources */,
				2FD1958F24BF5B3700636107 /* main.m in Sources */,
				2FD1958124BF5B3500636107 /* SceneDelegate.m in Sources */,
				2FD195B924BFA0E800636107 /* LanguageChooserViewController.m in Sources */,
				2FD195B624BF88E200636107 /* ConversationViewController.m in Sources */,
				2FD195BC24BFA1DB00636107 /* LanguageCell.m in Sources */,
			);
			runOnlyForDeploymentPostprocessing = 0;
		};
		2FD1959024BF5B3700636107 /* Sources */ = {
			isa = PBXSourcesBuildPhase;
			buildActionMask = 2147483647;
			files = (
				2FD1959924BF5B3700636107 /* BreakingBarriersTests.m in Sources */,
			);
			runOnlyForDeploymentPostprocessing = 0;
		};
		2FD1959B24BF5B3700636107 /* Sources */ = {
			isa = PBXSourcesBuildPhase;
			buildActionMask = 2147483647;
			files = (
				2FD195A424BF5B3700636107 /* BreakingBarriersUITests.m in Sources */,
			);
			runOnlyForDeploymentPostprocessing = 0;
		};
/* End PBXSourcesBuildPhase section */

/* Begin PBXTargetDependency section */
		2FD1959624BF5B3700636107 /* PBXTargetDependency */ = {
			isa = PBXTargetDependency;
			target = 2FD1957824BF5B3500636107 /* BreakingBarriers */;
			targetProxy = 2FD1959524BF5B3700636107 /* PBXContainerItemProxy */;
		};
		2FD195A124BF5B3700636107 /* PBXTargetDependency */ = {
			isa = PBXTargetDependency;
			target = 2FD1957824BF5B3500636107 /* BreakingBarriers */;
			targetProxy = 2FD195A024BF5B3700636107 /* PBXContainerItemProxy */;
		};
/* End PBXTargetDependency section */

/* Begin PBXVariantGroup section */
		2FD1958524BF5B3500636107 /* Main.storyboard */ = {
			isa = PBXVariantGroup;
			children = (
				2FD1958624BF5B3500636107 /* Base */,
			);
			name = Main.storyboard;
			sourceTree = "<group>";
		};
		2FD1958A24BF5B3700636107 /* LaunchScreen.storyboard */ = {
			isa = PBXVariantGroup;
			children = (
				2FD1958B24BF5B3700636107 /* Base */,
			);
			name = LaunchScreen.storyboard;
			sourceTree = "<group>";
		};
/* End PBXVariantGroup section */

/* Begin XCBuildConfiguration section */
		2FD195A624BF5B3700636107 /* Debug */ = {
			isa = XCBuildConfiguration;
			buildSettings = {
				ALWAYS_SEARCH_USER_PATHS = NO;
				CLANG_ANALYZER_NONNULL = YES;
				CLANG_ANALYZER_NUMBER_OBJECT_CONVERSION = YES_AGGRESSIVE;
				CLANG_CXX_LANGUAGE_STANDARD = "gnu++14";
				CLANG_CXX_LIBRARY = "libc++";
				CLANG_ENABLE_MODULES = YES;
				CLANG_ENABLE_OBJC_ARC = YES;
				CLANG_ENABLE_OBJC_WEAK = YES;
				CLANG_WARN_BLOCK_CAPTURE_AUTORELEASING = YES;
				CLANG_WARN_BOOL_CONVERSION = YES;
				CLANG_WARN_COMMA = YES;
				CLANG_WARN_CONSTANT_CONVERSION = YES;
				CLANG_WARN_DEPRECATED_OBJC_IMPLEMENTATIONS = YES;
				CLANG_WARN_DIRECT_OBJC_ISA_USAGE = YES_ERROR;
				CLANG_WARN_DOCUMENTATION_COMMENTS = YES;
				CLANG_WARN_EMPTY_BODY = YES;
				CLANG_WARN_ENUM_CONVERSION = YES;
				CLANG_WARN_INFINITE_RECURSION = YES;
				CLANG_WARN_INT_CONVERSION = YES;
				CLANG_WARN_NON_LITERAL_NULL_CONVERSION = YES;
				CLANG_WARN_OBJC_IMPLICIT_RETAIN_SELF = YES;
				CLANG_WARN_OBJC_LITERAL_CONVERSION = YES;
				CLANG_WARN_OBJC_ROOT_CLASS = YES_ERROR;
				CLANG_WARN_RANGE_LOOP_ANALYSIS = YES;
				CLANG_WARN_STRICT_PROTOTYPES = YES;
				CLANG_WARN_SUSPICIOUS_MOVE = YES;
				CLANG_WARN_UNGUARDED_AVAILABILITY = YES_AGGRESSIVE;
				CLANG_WARN_UNREACHABLE_CODE = YES;
				CLANG_WARN__DUPLICATE_METHOD_MATCH = YES;
				COPY_PHASE_STRIP = NO;
				DEBUG_INFORMATION_FORMAT = dwarf;
				ENABLE_STRICT_OBJC_MSGSEND = YES;
				ENABLE_TESTABILITY = YES;
				GCC_C_LANGUAGE_STANDARD = gnu11;
				GCC_DYNAMIC_NO_PIC = NO;
				GCC_NO_COMMON_BLOCKS = YES;
				GCC_OPTIMIZATION_LEVEL = 0;
				GCC_PREPROCESSOR_DEFINITIONS = (
					"DEBUG=1",
					"$(inherited)",
				);
				GCC_WARN_64_TO_32_BIT_CONVERSION = YES;
				GCC_WARN_ABOUT_RETURN_TYPE = YES_ERROR;
				GCC_WARN_UNDECLARED_SELECTOR = YES;
				GCC_WARN_UNINITIALIZED_AUTOS = YES_AGGRESSIVE;
				GCC_WARN_UNUSED_FUNCTION = YES;
				GCC_WARN_UNUSED_VARIABLE = YES;
				IPHONEOS_DEPLOYMENT_TARGET = 13.5;
				MTL_ENABLE_DEBUG_INFO = INCLUDE_SOURCE;
				MTL_FAST_MATH = YES;
				ONLY_ACTIVE_ARCH = YES;
				SDKROOT = iphoneos;
			};
			name = Debug;
		};
		2FD195A724BF5B3700636107 /* Release */ = {
			isa = XCBuildConfiguration;
			buildSettings = {
				ALWAYS_SEARCH_USER_PATHS = NO;
				CLANG_ANALYZER_NONNULL = YES;
				CLANG_ANALYZER_NUMBER_OBJECT_CONVERSION = YES_AGGRESSIVE;
				CLANG_CXX_LANGUAGE_STANDARD = "gnu++14";
				CLANG_CXX_LIBRARY = "libc++";
				CLANG_ENABLE_MODULES = YES;
				CLANG_ENABLE_OBJC_ARC = YES;
				CLANG_ENABLE_OBJC_WEAK = YES;
				CLANG_WARN_BLOCK_CAPTURE_AUTORELEASING = YES;
				CLANG_WARN_BOOL_CONVERSION = YES;
				CLANG_WARN_COMMA = YES;
				CLANG_WARN_CONSTANT_CONVERSION = YES;
				CLANG_WARN_DEPRECATED_OBJC_IMPLEMENTATIONS = YES;
				CLANG_WARN_DIRECT_OBJC_ISA_USAGE = YES_ERROR;
				CLANG_WARN_DOCUMENTATION_COMMENTS = YES;
				CLANG_WARN_EMPTY_BODY = YES;
				CLANG_WARN_ENUM_CONVERSION = YES;
				CLANG_WARN_INFINITE_RECURSION = YES;
				CLANG_WARN_INT_CONVERSION = YES;
				CLANG_WARN_NON_LITERAL_NULL_CONVERSION = YES;
				CLANG_WARN_OBJC_IMPLICIT_RETAIN_SELF = YES;
				CLANG_WARN_OBJC_LITERAL_CONVERSION = YES;
				CLANG_WARN_OBJC_ROOT_CLASS = YES_ERROR;
				CLANG_WARN_RANGE_LOOP_ANALYSIS = YES;
				CLANG_WARN_STRICT_PROTOTYPES = YES;
				CLANG_WARN_SUSPICIOUS_MOVE = YES;
				CLANG_WARN_UNGUARDED_AVAILABILITY = YES_AGGRESSIVE;
				CLANG_WARN_UNREACHABLE_CODE = YES;
				CLANG_WARN__DUPLICATE_METHOD_MATCH = YES;
				COPY_PHASE_STRIP = NO;
				DEBUG_INFORMATION_FORMAT = "dwarf-with-dsym";
				ENABLE_NS_ASSERTIONS = NO;
				ENABLE_STRICT_OBJC_MSGSEND = YES;
				GCC_C_LANGUAGE_STANDARD = gnu11;
				GCC_NO_COMMON_BLOCKS = YES;
				GCC_WARN_64_TO_32_BIT_CONVERSION = YES;
				GCC_WARN_ABOUT_RETURN_TYPE = YES_ERROR;
				GCC_WARN_UNDECLARED_SELECTOR = YES;
				GCC_WARN_UNINITIALIZED_AUTOS = YES_AGGRESSIVE;
				GCC_WARN_UNUSED_FUNCTION = YES;
				GCC_WARN_UNUSED_VARIABLE = YES;
				IPHONEOS_DEPLOYMENT_TARGET = 13.5;
				MTL_ENABLE_DEBUG_INFO = NO;
				MTL_FAST_MATH = YES;
				SDKROOT = iphoneos;
				VALIDATE_PRODUCT = YES;
			};
			name = Release;
		};
		2FD195A924BF5B3700636107 /* Debug */ = {
			isa = XCBuildConfiguration;
			baseConfigurationReference = E380C23AA1B4C7C08D086F7E /* Pods-BreakingBarriers.debug.xcconfig */;
			buildSettings = {
				ASSETCATALOG_COMPILER_APPICON_NAME = AppIcon;
				CODE_SIGN_STYLE = Automatic;
				DEVELOPMENT_TEAM = 583UGG5VM7;
				FRAMEWORK_SEARCH_PATHS = (
					"$(inherited)",
					"$(PROJECT_DIR)",
				);
				INFOPLIST_FILE = BreakingBarriers/Info.plist;
				LD_RUNPATH_SEARCH_PATHS = (
					"$(inherited)",
					"@executable_path/Frameworks",
				);
				PRODUCT_BUNDLE_IDENTIFIER = com.brian36.BreakingBarriers;
				PRODUCT_NAME = "$(TARGET_NAME)";
				TARGETED_DEVICE_FAMILY = "1,2";
			};
			name = Debug;
		};
		2FD195AA24BF5B3700636107 /* Release */ = {
			isa = XCBuildConfiguration;
			baseConfigurationReference = 8C56CCDEEF4499BE1094A4C9 /* Pods-BreakingBarriers.release.xcconfig */;
			buildSettings = {
				ASSETCATALOG_COMPILER_APPICON_NAME = AppIcon;
				CODE_SIGN_STYLE = Automatic;
				DEVELOPMENT_TEAM = 583UGG5VM7;
				FRAMEWORK_SEARCH_PATHS = (
					"$(inherited)",
					"$(PROJECT_DIR)",
				);
				INFOPLIST_FILE = BreakingBarriers/Info.plist;
				LD_RUNPATH_SEARCH_PATHS = (
					"$(inherited)",
					"@executable_path/Frameworks",
				);
				PRODUCT_BUNDLE_IDENTIFIER = com.brian36.BreakingBarriers;
				PRODUCT_NAME = "$(TARGET_NAME)";
				TARGETED_DEVICE_FAMILY = "1,2";
			};
			name = Release;
		};
		2FD195AC24BF5B3700636107 /* Debug */ = {
			isa = XCBuildConfiguration;
			baseConfigurationReference = 678EE712C28614520C6BA8C4 /* Pods-BreakingBarriersTests.debug.xcconfig */;
			buildSettings = {
				BUNDLE_LOADER = "$(TEST_HOST)";
				CODE_SIGN_STYLE = Automatic;
				DEVELOPMENT_TEAM = 583UGG5VM7;
				INFOPLIST_FILE = BreakingBarriersTests/Info.plist;
				IPHONEOS_DEPLOYMENT_TARGET = 13.5;
				LD_RUNPATH_SEARCH_PATHS = (
					"$(inherited)",
					"@executable_path/Frameworks",
					"@loader_path/Frameworks",
				);
				PRODUCT_BUNDLE_IDENTIFIER = com.brian36.BreakingBarriersTests;
				PRODUCT_NAME = "$(TARGET_NAME)";
				TARGETED_DEVICE_FAMILY = "1,2";
				TEST_HOST = "$(BUILT_PRODUCTS_DIR)/BreakingBarriers.app/BreakingBarriers";
			};
			name = Debug;
		};
		2FD195AD24BF5B3700636107 /* Release */ = {
			isa = XCBuildConfiguration;
			baseConfigurationReference = BABA4269DA5EAB13A10820DE /* Pods-BreakingBarriersTests.release.xcconfig */;
			buildSettings = {
				BUNDLE_LOADER = "$(TEST_HOST)";
				CODE_SIGN_STYLE = Automatic;
				DEVELOPMENT_TEAM = 583UGG5VM7;
				INFOPLIST_FILE = BreakingBarriersTests/Info.plist;
				IPHONEOS_DEPLOYMENT_TARGET = 13.5;
				LD_RUNPATH_SEARCH_PATHS = (
					"$(inherited)",
					"@executable_path/Frameworks",
					"@loader_path/Frameworks",
				);
				PRODUCT_BUNDLE_IDENTIFIER = com.brian36.BreakingBarriersTests;
				PRODUCT_NAME = "$(TARGET_NAME)";
				TARGETED_DEVICE_FAMILY = "1,2";
				TEST_HOST = "$(BUILT_PRODUCTS_DIR)/BreakingBarriers.app/BreakingBarriers";
			};
			name = Release;
		};
		2FD195AF24BF5B3700636107 /* Debug */ = {
			isa = XCBuildConfiguration;
			baseConfigurationReference = 01862698D80B2F5BF81D6726 /* Pods-BreakingBarriers-BreakingBarriersUITests.debug.xcconfig */;
			buildSettings = {
				CODE_SIGN_STYLE = Automatic;
				DEVELOPMENT_TEAM = 583UGG5VM7;
				INFOPLIST_FILE = BreakingBarriersUITests/Info.plist;
				LD_RUNPATH_SEARCH_PATHS = (
					"$(inherited)",
					"@executable_path/Frameworks",
					"@loader_path/Frameworks",
				);
				PRODUCT_BUNDLE_IDENTIFIER = com.brian36.BreakingBarriersUITests;
				PRODUCT_NAME = "$(TARGET_NAME)";
				TARGETED_DEVICE_FAMILY = "1,2";
				TEST_TARGET_NAME = BreakingBarriers;
			};
			name = Debug;
		};
		2FD195B024BF5B3700636107 /* Release */ = {
			isa = XCBuildConfiguration;
			baseConfigurationReference = A4D15CB0D5D548ED2FC5320A /* Pods-BreakingBarriers-BreakingBarriersUITests.release.xcconfig */;
			buildSettings = {
				CODE_SIGN_STYLE = Automatic;
				DEVELOPMENT_TEAM = 583UGG5VM7;
				INFOPLIST_FILE = BreakingBarriersUITests/Info.plist;
				LD_RUNPATH_SEARCH_PATHS = (
					"$(inherited)",
					"@executable_path/Frameworks",
					"@loader_path/Frameworks",
				);
				PRODUCT_BUNDLE_IDENTIFIER = com.brian36.BreakingBarriersUITests;
				PRODUCT_NAME = "$(TARGET_NAME)";
				TARGETED_DEVICE_FAMILY = "1,2";
				TEST_TARGET_NAME = BreakingBarriers;
			};
			name = Release;
		};
/* End XCBuildConfiguration section */

/* Begin XCConfigurationList section */
		2FD1957424BF5B3500636107 /* Build configuration list for PBXProject "BreakingBarriers" */ = {
			isa = XCConfigurationList;
			buildConfigurations = (
				2FD195A624BF5B3700636107 /* Debug */,
				2FD195A724BF5B3700636107 /* Release */,
			);
			defaultConfigurationIsVisible = 0;
			defaultConfigurationName = Release;
		};
		2FD195A824BF5B3700636107 /* Build configuration list for PBXNativeTarget "BreakingBarriers" */ = {
			isa = XCConfigurationList;
			buildConfigurations = (
				2FD195A924BF5B3700636107 /* Debug */,
				2FD195AA24BF5B3700636107 /* Release */,
			);
			defaultConfigurationIsVisible = 0;
			defaultConfigurationName = Release;
		};
		2FD195AB24BF5B3700636107 /* Build configuration list for PBXNativeTarget "BreakingBarriersTests" */ = {
			isa = XCConfigurationList;
			buildConfigurations = (
				2FD195AC24BF5B3700636107 /* Debug */,
				2FD195AD24BF5B3700636107 /* Release */,
			);
			defaultConfigurationIsVisible = 0;
			defaultConfigurationName = Release;
		};
		2FD195AE24BF5B3700636107 /* Build configuration list for PBXNativeTarget "BreakingBarriersUITests" */ = {
			isa = XCConfigurationList;
			buildConfigurations = (
				2FD195AF24BF5B3700636107 /* Debug */,
				2FD195B024BF5B3700636107 /* Release */,
			);
			defaultConfigurationIsVisible = 0;
			defaultConfigurationName = Release;
		};
/* End XCConfigurationList section */
	};
	rootObject = 2FD1957124BF5B3500636107 /* Project object */;
}
